
Microsoft Visual Studio Solution File, Format Version 12.00
# Visual Studio 15
VisualStudioVersion = 15.0.28307.489
MinimumVisualStudioVersion = 10.0.40219.1
Project("{FAE04EC0-301F-11D3-BF4B-00C04F79EFBC}") = "EFCore", "EFCore\EFCore.csproj", "{694D211A-1C2A-4990-B844-49FF441C75E6}"
EndProject
Global
	GlobalSection(SolutionConfigurationPlatforms) = preSolution
		Debug|Any CPU = Debug|Any CPU
		Release|Any CPU = Release|Any CPU
	EndGlobalSection
	GlobalSection(ProjectConfigurationPlatforms) = postSolution
		{694D211A-1C2A-4990-B844-49FF441C75E6}.Debug|Any CPU.ActiveCfg = Debug|Any CPU
		{694D211A-1C2A-4990-B844-49FF441C75E6}.Debug|Any CPU.Build.0 = Debug|Any CPU
		{694D211A-1C2A-4990-B844-49FF441C75E6}.Release|Any CPU.ActiveCfg = Release|Any CPU
		{694D211A-1C2A-4990-B844-49FF441C75E6}.Release|Any CPU.Build.0 = Release|Any CPU
	EndGlobalSection
	GlobalSection(SolutionProperties) = preSolution
		HideSolutionNode = FALSE
	EndGlobalSection
	GlobalSection(ExtensibilityGlobals) = postSolution
		SolutionGuid = {70EBCF28-9629-4B85-B096-7C3DDC890F88}
	EndGlobalSection
EndGlobal
